// !$*UTF8*$!
{
	archiveVersion = 1;
	classes = {
	};
	objectVersion = 55;
	objects = {

/* Begin PBXBuildFile section */
		3A5733852738571400919EB8 /* VenueDescription.swift in Sources */ = {isa = PBXBuildFile; fileRef = 3A5733842738571400919EB8 /* VenueDescription.swift */; };
		3A644CF72735AAA500D4F355 /* AppDelegate.swift in Sources */ = {isa = PBXBuildFile; fileRef = 3A644CF62735AAA500D4F355 /* AppDelegate.swift */; };
		3A644CF92735AAA500D4F355 /* SceneDelegate.swift in Sources */ = {isa = PBXBuildFile; fileRef = 3A644CF82735AAA500D4F355 /* SceneDelegate.swift */; };
		3A644CFB2735AAA500D4F355 /* HomeViewController.swift in Sources */ = {isa = PBXBuildFile; fileRef = 3A644CFA2735AAA500D4F355 /* HomeViewController.swift */; };
		3A644CFE2735AAA500D4F355 /* Main.storyboard in Resources */ = {isa = PBXBuildFile; fileRef = 3A644CFC2735AAA500D4F355 /* Main.storyboard */; };
		3A644D002735AAAF00D4F355 /* Assets.xcassets in Resources */ = {isa = PBXBuildFile; fileRef = 3A644CFF2735AAAF00D4F355 /* Assets.xcassets */; };
		3A644D032735AAAF00D4F355 /* LaunchScreen.storyboard in Resources */ = {isa = PBXBuildFile; fileRef = 3A644D012735AAAF00D4F355 /* LaunchScreen.storyboard */; };
		3A644D0B2735AB4300D4F355 /* Venues.swift in Sources */ = {isa = PBXBuildFile; fileRef = 3A644D0A2735AB4300D4F355 /* Venues.swift */; };
		3A644D1F2735B03900D4F355 /* VenueCell.swift in Sources */ = {isa = PBXBuildFile; fileRef = 3A644D1D2735B03900D4F355 /* VenueCell.swift */; };
		3A644D202735B03900D4F355 /* VenueCell.xib in Resources */ = {isa = PBXBuildFile; fileRef = 3A644D1E2735B03900D4F355 /* VenueCell.xib */; };
		3A644D232735CDC400D4F355 /* VenueRequest.swift in Sources */ = {isa = PBXBuildFile; fileRef = 3A644D222735CDC300D4F355 /* VenueRequest.swift */; };
		3A644D272737166500D4F355 /* FilterViewController.swift in Sources */ = {isa = PBXBuildFile; fileRef = 3A644D262737166400D4F355 /* FilterViewController.swift */; };
/* End PBXBuildFile section */

/* Begin PBXFileReference section */
		3A5733842738571400919EB8 /* VenueDescription.swift */ = {isa = PBXFileReference; lastKnownFileType = sourcecode.swift; path = VenueDescription.swift; sourceTree = "<group>"; };
		3A644CF32735AAA500D4F355 /* Restaurants Explorer.app */ = {isa = PBXFileReference; explicitFileType = wrapper.application; includeInIndex = 0; path = "Restaurants Explorer.app"; sourceTree = BUILT_PRODUCTS_DIR; };
		3A644CF62735AAA500D4F355 /* AppDelegate.swift */ = {isa = PBXFileReference; lastKnownFileType = sourcecode.swift; path = AppDelegate.swift; sourceTree = "<group>"; };
		3A644CF82735AAA500D4F355 /* SceneDelegate.swift */ = {isa = PBXFileReference; lastKnownFileType = sourcecode.swift; path = SceneDelegate.swift; sourceTree = "<group>"; };
		3A644CFA2735AAA500D4F355 /* HomeViewController.swift */ = {isa = PBXFileReference; lastKnownFileType = sourcecode.swift; path = HomeViewController.swift; sourceTree = "<group>"; };
		3A644CFD2735AAA500D4F355 /* Base */ = {isa = PBXFileReference; lastKnownFileType = file.storyboard; name = Base; path = Base.lproj/Main.storyboard; sourceTree = "<group>"; };
		3A644CFF2735AAAF00D4F355 /* Assets.xcassets */ = {isa = PBXFileReference; lastKnownFileType = folder.assetcatalog; path = Assets.xcassets; sourceTree = "<group>"; };
		3A644D022735AAAF00D4F355 /* Base */ = {isa = PBXFileReference; lastKnownFileType = file.storyboard; name = Base; path = Base.lproj/LaunchScreen.storyboard; sourceTree = "<group>"; };
		3A644D042735AAAF00D4F355 /* Info.plist */ = {isa = PBXFileReference; lastKnownFileType = text.plist.xml; path = Info.plist; sourceTree = "<group>"; };
		3A644D0A2735AB4300D4F355 /* Venues.swift */ = {isa = PBXFileReference; lastKnownFileType = sourcecode.swift; path = Venues.swift; sourceTree = "<group>"; };
		3A644D1D2735B03900D4F355 /* VenueCell.swift */ = {isa = PBXFileReference; lastKnownFileType = sourcecode.swift; path = VenueCell.swift; sourceTree = "<group>"; };
		3A644D1E2735B03900D4F355 /* VenueCell.xib */ = {isa = PBXFileReference; lastKnownFileType = file.xib; path = VenueCell.xib; sourceTree = "<group>"; };
		3A644D222735CDC300D4F355 /* VenueRequest.swift */ = {isa = PBXFileReference; lastKnownFileType = sourcecode.swift; path = VenueRequest.swift; sourceTree = "<group>"; };
		3A644D262737166400D4F355 /* FilterViewController.swift */ = {isa = PBXFileReference; lastKnownFileType = sourcecode.swift; path = FilterViewController.swift; sourceTree = "<group>"; };
/* End PBXFileReference section */

/* Begin PBXFrameworksBuildPhase section */
		3A644CF02735AAA500D4F355 /* Frameworks */ = {
			isa = PBXFrameworksBuildPhase;
			buildActionMask = 2147483647;
			files = (
			);
			runOnlyForDeploymentPostprocessing = 0;
		};
/* End PBXFrameworksBuildPhase section */

/* Begin PBXGroup section */
		3A644CEA2735AAA500D4F355 = {
			isa = PBXGroup;
			children = (
				3A644CF52735AAA500D4F355 /* Restaurants Explorer */,
				3A644CF42735AAA500D4F355 /* Products */,
			);
			sourceTree = "<group>";
		};
		3A644CF42735AAA500D4F355 /* Products */ = {
			isa = PBXGroup;
			children = (
				3A644CF32735AAA500D4F355 /* Restaurants Explorer.app */,
			);
			name = Products;
			sourceTree = "<group>";
		};
		3A644CF52735AAA500D4F355 /* Restaurants Explorer */ = {
			isa = PBXGroup;
			children = (
				3A644D212735B04400D4F355 /* VenueCell */,
				3A644D0C2735AB6A00D4F355 /* Models */,
				3A644D142735ABDE00D4F355 /* API */,
				3A644D282737166F00D4F355 /* ViewControllers */,
				3A644CF62735AAA500D4F355 /* AppDelegate.swift */,
				3A644CF82735AAA500D4F355 /* SceneDelegate.swift */,
				3A644CFC2735AAA500D4F355 /* Main.storyboard */,
				3A644CFF2735AAAF00D4F355 /* Assets.xcassets */,
				3A644D012735AAAF00D4F355 /* LaunchScreen.storyboard */,
				3A644D042735AAAF00D4F355 /* Info.plist */,
			);
			path = "Restaurants Explorer";
			sourceTree = "<group>";
		};
		3A644D0C2735AB6A00D4F355 /* Models */ = {
			isa = PBXGroup;
			children = (
				3A644D0A2735AB4300D4F355 /* Venues.swift */,
				3A5733842738571400919EB8 /* VenueDescription.swift */,
			);
			path = Models;
			sourceTree = "<group>";
		};
		3A644D142735ABDE00D4F355 /* API */ = {
			isa = PBXGroup;
			children = (
				3A644D222735CDC300D4F355 /* VenueRequest.swift */,
			);
			path = API;
			sourceTree = "<group>";
		};
		3A644D212735B04400D4F355 /* VenueCell */ = {
			isa = PBXGroup;
			children = (
				3A644D1D2735B03900D4F355 /* VenueCell.swift */,
				3A644D1E2735B03900D4F355 /* VenueCell.xib */,
			);
			path = VenueCell;
			sourceTree = "<group>";
		};
		3A644D282737166F00D4F355 /* ViewControllers */ = {
			isa = PBXGroup;
			children = (
				3A644CFA2735AAA500D4F355 /* HomeViewController.swift */,
				3A644D262737166400D4F355 /* FilterViewController.swift */,
			);
			path = ViewControllers;
			sourceTree = "<group>";
		};
/* End PBXGroup section */

/* Begin PBXNativeTarget section */
		3A644CF22735AAA500D4F355 /* Restaurants Explorer */ = {
			isa = PBXNativeTarget;
			buildConfigurationList = 3A644D072735AAAF00D4F355 /* Build configuration list for PBXNativeTarget "Restaurants Explorer" */;
			buildPhases = (
				3A644CEF2735AAA500D4F355 /* Sources */,
				3A644CF02735AAA500D4F355 /* Frameworks */,
				3A644CF12735AAA500D4F355 /* Resources */,
			);
			buildRules = (
			);
			dependencies = (
			);
			name = "Restaurants Explorer";
			productName = "Restaurants Explorer";
			productReference = 3A644CF32735AAA500D4F355 /* Restaurants Explorer.app */;
			productType = "com.apple.product-type.application";
		};
/* End PBXNativeTarget section */

/* Begin PBXProject section */
		3A644CEB2735AAA500D4F355 /* Project object */ = {
			isa = PBXProject;
			attributes = {
				BuildIndependentTargetsInParallel = 1;
				LastSwiftUpdateCheck = 1300;
				LastUpgradeCheck = 1300;
				TargetAttributes = {
					3A644CF22735AAA500D4F355 = {
						CreatedOnToolsVersion = 13.0;
					};
				};
			};
			buildConfigurationList = 3A644CEE2735AAA500D4F355 /* Build configuration list for PBXProject "Restaurants Explorer" */;
			compatibilityVersion = "Xcode 13.0";
			developmentRegion = en;
			hasScannedForEncodings = 0;
			knownRegions = (
				en,
				Base,
			);
			mainGroup = 3A644CEA2735AAA500D4F355;
			productRefGroup = 3A644CF42735AAA500D4F355 /* Products */;
			projectDirPath = "";
			projectRoot = "";
			targets = (
				3A644CF22735AAA500D4F355 /* Restaurants Explorer */,
			);
		};
/* End PBXProject section */

/* Begin PBXResourcesBuildPhase section */
		3A644CF12735AAA500D4F355 /* Resources */ = {
			isa = PBXResourcesBuildPhase;
			buildActionMask = 2147483647;
			files = (
				3A644D032735AAAF00D4F355 /* LaunchScreen.storyboard in Resources */,
				3A644D202735B03900D4F355 /* VenueCell.xib in Resources */,
				3A644D002735AAAF00D4F355 /* Assets.xcassets in Resources */,
				3A644CFE2735AAA500D4F355 /* Main.storyboard in Resources */,
			);
			runOnlyForDeploymentPostprocessing = 0;
		};
/* End PBXResourcesBuildPhase section */

/* Begin PBXSourcesBuildPhase section */
		3A644CEF2735AAA500D4F355 /* Sources */ = {
			isa = PBXSourcesBuildPhase;
			buildActionMask = 2147483647;
			files = (
				3A644CFB2735AAA500D4F355 /* HomeViewController.swift in Sources */,
				3A644D1F2735B03900D4F355 /* VenueCell.swift in Sources */,
				3A644D0B2735AB4300D4F355 /* Venues.swift in Sources */,
				3A644D272737166500D4F355 /* FilterViewController.swift in Sources */,
				3A644CF72735AAA500D4F355 /* AppDelegate.swift in Sources */,
				3A644D232735CDC400D4F355 /* VenueRequest.swift in Sources */,
				3A5733852738571400919EB8 /* VenueDescription.swift in Sources */,
				3A644CF92735AAA500D4F355 /* SceneDelegate.swift in Sources */,
			);
			runOnlyForDeploymentPostprocessing = 0;
		};
/* End PBXSourcesBuildPhase section */

/* Begin PBXVariantGroup section */
		3A644CFC2735AAA500D4F355 /* Main.storyboard */ = {
			isa = PBXVariantGroup;
			children = (
				3A644CFD2735AAA500D4F355 /* Base */,
			);
			name = Main.storyboard;
			sourceTree = "<group>";
		};
		3A644D012735AAAF00D4F355 /* LaunchScreen.storyboard */ = {
			isa = PBXVariantGroup;
			children = (
				3A644D022735AAAF00D4F355 /* Base */,
			);
			name = LaunchScreen.storyboard;
			sourceTree = "<group>";
		};
/* End PBXVariantGroup section */

/* Begin XCBuildConfiguration section */
		3A644D052735AAAF00D4F355 /* Debug */ = {
			isa = XCBuildConfiguration;
			buildSettings = {
				ALWAYS_SEARCH_USER_PATHS = NO;
				CLANG_ANALYZER_NONNULL = YES;
				CLANG_ANALYZER_NUMBER_OBJECT_CONVERSION = YES_AGGRESSIVE;
				CLANG_CXX_LANGUAGE_STANDARD = "gnu++17";
				CLANG_CXX_LIBRARY = "libc++";
				CLANG_ENABLE_MODULES = YES;
				CLANG_ENABLE_OBJC_ARC = YES;
				CLANG_ENABLE_OBJC_WEAK = YES;
				CLANG_WARN_BLOCK_CAPTURE_AUTORELEASING = YES;
				CLANG_WARN_BOOL_CONVERSION = YES;
				CLANG_WARN_COMMA = YES;
				CLANG_WARN_CONSTANT_CONVERSION = YES;
				CLANG_WARN_DEPRECATED_OBJC_IMPLEMENTATIONS = YES;
				CLANG_WARN_DIRECT_OBJC_ISA_USAGE = YES_ERROR;
				CLANG_WARN_DOCUMENTATION_COMMENTS = YES;
				CLANG_WARN_EMPTY_BODY = YES;
				CLANG_WARN_ENUM_CONVERSION = YES;
				CLANG_WARN_INFINITE_RECURSION = YES;
				CLANG_WARN_INT_CONVERSION = YES;
				CLANG_WARN_NON_LITERAL_NULL_CONVERSION = YES;
				CLANG_WARN_OBJC_IMPLICIT_RETAIN_SELF = YES;
				CLANG_WARN_OBJC_LITERAL_CONVERSION = YES;
				CLANG_WARN_OBJC_ROOT_CLASS = YES_ERROR;
				CLANG_WARN_QUOTED_INCLUDE_IN_FRAMEWORK_HEADER = YES;
				CLANG_WARN_RANGE_LOOP_ANALYSIS = YES;
				CLANG_WARN_STRICT_PROTOTYPES = YES;
				CLANG_WARN_SUSPICIOUS_MOVE = YES;
				CLANG_WARN_UNGUARDED_AVAILABILITY = YES_AGGRESSIVE;
				CLANG_WARN_UNREACHABLE_CODE = YES;
				CLANG_WARN__DUPLICATE_METHOD_MATCH = YES;
				COPY_PHASE_STRIP = NO;
				DEBUG_INFORMATION_FORMAT = dwarf;
				ENABLE_STRICT_OBJC_MSGSEND = YES;
				ENABLE_TESTABILITY = YES;
				GCC_C_LANGUAGE_STANDARD = gnu11;
				GCC_DYNAMIC_NO_PIC = NO;
				GCC_NO_COMMON_BLOCKS = YES;
				GCC_OPTIMIZATION_LEVEL = 0;
				GCC_PREPROCESSOR_DEFINITIONS = (
					"DEBUG=1",
					"$(inherited)",
				);
				GCC_WARN_64_TO_32_BIT_CONVERSION = YES;
				GCC_WARN_ABOUT_RETURN_TYPE = YES_ERROR;
				GCC_WARN_UNDECLARED_SELECTOR = YES;
				GCC_WARN_UNINITIALIZED_AUTOS = YES_AGGRESSIVE;
				GCC_WARN_UNUSED_FUNCTION = YES;
				GCC_WARN_UNUSED_VARIABLE = YES;
				IPHONEOS_DEPLOYMENT_TARGET = 15.0;
				MTL_ENABLE_DEBUG_INFO = INCLUDE_SOURCE;
				MTL_FAST_MATH = YES;
				ONLY_ACTIVE_ARCH = YES;
				SDKROOT = iphoneos;
				SWIFT_ACTIVE_COMPILATION_CONDITIONS = DEBUG;
				SWIFT_OPTIMIZATION_LEVEL = "-Onone";
			};
			name = Debug;
		};
		3A644D062735AAAF00D4F355 /* Release */ = {
			isa = XCBuildConfiguration;
			buildSettings = {
				ALWAYS_SEARCH_USER_PATHS = NO;
				CLANG_ANALYZER_NONNULL = YES;
				CLANG_ANALYZER_NUMBER_OBJECT_CONVERSION = YES_AGGRESSIVE;
				CLANG_CXX_LANGUAGE_STANDARD = "gnu++17";
				CLANG_CXX_LIBRARY = "libc++";
				CLANG_ENABLE_MODULES = YES;
				CLANG_ENABLE_OBJC_ARC = YES;
				CLANG_ENABLE_OBJC_WEAK = YES;
				CLANG_WARN_BLOCK_CAPTURE_AUTORELEASING = YES;
				CLANG_WARN_BOOL_CONVERSION = YES;
				CLANG_WARN_COMMA = YES;
				CLANG_WARN_CONSTANT_CONVERSION = YES;
				CLANG_WARN_DEPRECATED_OBJC_IMPLEMENTATIONS = YES;
				CLANG_WARN_DIRECT_OBJC_ISA_USAGE = YES_ERROR;
				CLANG_WARN_DOCUMENTATION_COMMENTS = YES;
				CLANG_WARN_EMPTY_BODY = YES;
				CLANG_WARN_ENUM_CONVERSION = YES;
				CLANG_WARN_INFINITE_RECURSION = YES;
				CLANG_WARN_INT_CONVERSION = YES;
				CLANG_WARN_NON_LITERAL_NULL_CONVERSION = YES;
				CLANG_WARN_OBJC_IMPLICIT_RETAIN_SELF = YES;
				CLANG_WARN_OBJC_LITERAL_CONVERSION = YES;
				CLANG_WARN_OBJC_ROOT_CLASS = YES_ERROR;
				CLANG_WARN_QUOTED_INCLUDE_IN_FRAMEWORK_HEADER = YES;
				CLANG_WARN_RANGE_LOOP_ANALYSIS = YES;
				CLANG_WARN_STRICT_PROTOTYPES = YES;
				CLANG_WARN_SUSPICIOUS_MOVE = YES;
				CLANG_WARN_UNGUARDED_AVAILABILITY = YES_AGGRESSIVE;
				CLANG_WARN_UNREACHABLE_CODE = YES;
				CLANG_WARN__DUPLICATE_METHOD_MATCH = YES;
				COPY_PHASE_STRIP = NO;
				DEBUG_INFORMATION_FORMAT = "dwarf-with-dsym";
				ENABLE_NS_ASSERTIONS = NO;
				ENABLE_STRICT_OBJC_MSGSEND = YES;
				GCC_C_LANGUAGE_STANDARD = gnu11;
				GCC_NO_COMMON_BLOCKS = YES;
				GCC_WARN_64_TO_32_BIT_CONVERSION = YES;
				GCC_WARN_ABOUT_RETURN_TYPE = YES_ERROR;
				GCC_WARN_UNDECLARED_SELECTOR = YES;
				GCC_WARN_UNINITIALIZED_AUTOS = YES_AGGRESSIVE;
				GCC_WARN_UNUSED_FUNCTION = YES;
				GCC_WARN_UNUSED_VARIABLE = YES;
				IPHONEOS_DEPLOYMENT_TARGET = 15.0;
				MTL_ENABLE_DEBUG_INFO = NO;
				MTL_FAST_MATH = YES;
				SDKROOT = iphoneos;
				SWIFT_COMPILATION_MODE = wholemodule;
				SWIFT_OPTIMIZATION_LEVEL = "-O";
				VALIDATE_PRODUCT = YES;
			};
			name = Release;
		};
		3A644D082735AAAF00D4F355 /* Debug */ = {
			isa = XCBuildConfiguration;
			buildSettings = {
				ASSETCATALOG_COMPILER_APPICON_NAME = AppIcon;
				ASSETCATALOG_COMPILER_GLOBAL_ACCENT_COLOR_NAME = AccentColor;
				CODE_SIGN_STYLE = Automatic;
				CURRENT_PROJECT_VERSION = 1;
				DEVELOPMENT_TEAM = P3DZV22SV4;
				GENERATE_INFOPLIST_FILE = YES;
				INFOPLIST_FILE = "Restaurants Explorer/Info.plist";
				INFOPLIST_KEY_NSLocationAlwaysAndWhenInUseUsageDescription = "asabdfg ";
				INFOPLIST_KEY_NSLocationWhenInUseUsageDescription = "will use it please";
				INFOPLIST_KEY_UIApplicationSupportsIndirectInputEvents = YES;
				INFOPLIST_KEY_UILaunchStoryboardName = LaunchScreen;
				INFOPLIST_KEY_UIMainStoryboardFile = Main;
				INFOPLIST_KEY_UISupportedInterfaceOrientations = UIInterfaceOrientationPortrait;
				INFOPLIST_KEY_UISupportedInterfaceOrientations_iPad = "UIInterfaceOrientationPortrait UIInterfaceOrientationPortraitUpsideDown UIInterfaceOrientationLandscapeLeft UIInterfaceOrientationLandscapeRight";
				INFOPLIST_KEY_UISupportedInterfaceOrientations_iPhone = "UIInterfaceOrientationPortrait UIInterfaceOrientationLandscapeLeft UIInterfaceOrientationLandscapeRight";
				LD_RUNPATH_SEARCH_PATHS = (
					"$(inherited)",
					"@executable_path/Frameworks",
				);
				MARKETING_VERSION = 1.0;
				PRODUCT_BUNDLE_IDENTIFIER = "Roman.Restaurants-Explorer";
				PRODUCT_NAME = "$(TARGET_NAME)";
				SWIFT_EMIT_LOC_STRINGS = YES;
				SWIFT_VERSION = 5.0;
				TARGETED_DEVICE_FAMILY = 1;
			};
			name = Debug;
		};
		3A644D092735AAAF00D4F355 /* Release */ = {
			isa = XCBuildConfiguration;
			buildSettings = {
				ASSETCATALOG_COMPILER_APPICON_NAME = AppIcon;
				ASSETCATALOG_COMPILER_GLOBAL_ACCENT_COLOR_NAME = AccentColor;
				CODE_SIGN_STYLE = Automatic;
				CURRENT_PROJECT_VERSION = 1;
				DEVELOPMENT_TEAM = P3DZV22SV4;
				GENERATE_INFOPLIST_FILE = YES;
				INFOPLIST_FILE = "Restaurants Explorer/Info.plist";
				INFOPLIST_KEY_NSLocationAlwaysAndWhenInUseUsageDescription = "asabdfg ";
				INFOPLIST_KEY_NSLocationWhenInUseUsageDescription = "will use it please";
				INFOPLIST_KEY_UIApplicationSupportsIndirectInputEvents = YES;
				INFOPLIST_KEY_UILaunchStoryboardName = LaunchScreen;
				INFOPLIST_KEY_UIMainStoryboardFile = Main;
				INFOPLIST_KEY_UISupportedInterfaceOrientations = UIInterfaceOrientationPortrait;
				INFOPLIST_KEY_UISupportedInterfaceOrientations_iPad = "UIInterfaceOrientationPortrait UIInterfaceOrientationPortraitUpsideDown UIInterfaceOrientationLandscapeLeft UIInterfaceOrientationLandscapeRight";
				INFOPLIST_KEY_UISupportedInterfaceOrientations_iPhone = "UIInterfaceOrientationPortrait UIInterfaceOrientationLandscapeLeft UIInterfaceOrientationLandscapeRight";
				LD_RUNPATH_SEARCH_PATHS = (
					"$(inherited)",
					"@executable_path/Frameworks",
				);
				MARKETING_VERSION = 1.0;
				PRODUCT_BUNDLE_IDENTIFIER = "Roman.Restaurants-Explorer";
				PRODUCT_NAME = "$(TARGET_NAME)";
				SWIFT_EMIT_LOC_STRINGS = YES;
				SWIFT_VERSION = 5.0;
				TARGETED_DEVICE_FAMILY = 1;
			};
			name = Release;
		};
/* End XCBuildConfiguration section */

/* Begin XCConfigurationList section */
		3A644CEE2735AAA500D4F355 /* Build configuration list for PBXProject "Restaurants Explorer" */ = {
			isa = XCConfigurationList;
			buildConfigurations = (
				3A644D052735AAAF00D4F355 /* Debug */,
				3A644D062735AAAF00D4F355 /* Release */,
			);
			defaultConfigurationIsVisible = 0;
			defaultConfigurationName = Release;
		};
		3A644D072735AAAF00D4F355 /* Build configuration list for PBXNativeTarget "Restaurants Explorer" */ = {
			isa = XCConfigurationList;
			buildConfigurations = (
				3A644D082735AAAF00D4F355 /* Debug */,
				3A644D092735AAAF00D4F355 /* Release */,
			);
			defaultConfigurationIsVisible = 0;
			defaultConfigurationName = Release;
		};
/* End XCConfigurationList section */
	};
	rootObject = 3A644CEB2735AAA500D4F355 /* Project object */;
}
